
Microsoft Visual Studio Solution File, Format Version 12.00
# Visual Studio 15
VisualStudioVersion = 15.0.27130.2020
MinimumVisualStudioVersion = 10.0.40219.1
Project("{FAE04EC0-301F-11D3-BF4B-00C04F79EFBC}") = "LOBTask", "LOBTask\LOBTask\LOBTask.csproj", "{B5C972E3-1E42-4335-B91B-66BF6789D9E7}"
EndProject
Project("{FAE04EC0-301F-11D3-BF4B-00C04F79EFBC}") = "LOBTask.Android", "LOBTask\LOBTask.Android\LOBTask.Android.csproj", "{93369993-0100-4AAE-8F17-7F8CB8FF9DDA}"
EndProject
Project("{FAE04EC0-301F-11D3-BF4B-00C04F79EFBC}") = "LOBTask.iOS", "LOBTask\LOBTask.iOS\LOBTask.iOS.csproj", "{BDA973D2-8CD9-4C03-AFE7-64BD14F239D5}"
EndProject
Project("{FAE04EC0-301F-11D3-BF4B-00C04F79EFBC}") = "LOBTask.UWP", "LOBTask\LOBTask.UWP\LOBTask.UWP.csproj", "{A3E55E1A-0876-4F84-B2EC-C28597BB7166}"
EndProject
Global
	GlobalSection(SolutionConfigurationPlatforms) = preSolution
		Ad-Hoc|Any CPU = Ad-Hoc|Any CPU
		Ad-Hoc|ARM = Ad-Hoc|ARM
		Ad-Hoc|iPhone = Ad-Hoc|iPhone
		Ad-Hoc|iPhoneSimulator = Ad-Hoc|iPhoneSimulator
		Ad-Hoc|x64 = Ad-Hoc|x64
		Ad-Hoc|x86 = Ad-Hoc|x86
		AppStore|Any CPU = AppStore|Any CPU
		AppStore|ARM = AppStore|ARM
		AppStore|iPhone = AppStore|iPhone
		AppStore|iPhoneSimulator = AppStore|iPhoneSimulator
		AppStore|x64 = AppStore|x64
		AppStore|x86 = AppStore|x86
		Debug|Any CPU = Debug|Any CPU
		Debug|ARM = Debug|ARM
		Debug|iPhone = Debug|iPhone
		Debug|iPhoneSimulator = Debug|iPhoneSimulator
		Debug|x64 = Debug|x64
		Debug|x86 = Debug|x86
		Release|Any CPU = Release|Any CPU
		Release|ARM = Release|ARM
		Release|iPhone = Release|iPhone
		Release|iPhoneSimulator = Release|iPhoneSimulator
		Release|x64 = Release|x64
		Release|x86 = Release|x86
	EndGlobalSection
	GlobalSection(ProjectConfigurationPlatforms) = postSolution
		{B5C972E3-1E42-4335-B91B-66BF6789D9E7}.Ad-Hoc|Any CPU.ActiveCfg = Debug|Any CPU
		{B5C972E3-1E42-4335-B91B-66BF6789D9E7}.Ad-Hoc|Any CPU.Build.0 = Debug|Any CPU
		{B5C972E3-1E42-4335-B91B-66BF6789D9E7}.Ad-Hoc|ARM.ActiveCfg = Debug|Any CPU
		{B5C972E3-1E42-4335-B91B-66BF6789D9E7}.Ad-Hoc|ARM.Build.0 = Debug|Any CPU
		{B5C972E3-1E42-4335-B91B-66BF6789D9E7}.Ad-Hoc|iPhone.ActiveCfg = Debug|Any CPU
		{B5C972E3-1E42-4335-B91B-66BF6789D9E7}.Ad-Hoc|iPhone.Build.0 = Debug|Any CPU
		{B5C972E3-1E42-4335-B91B-66BF6789D9E7}.Ad-Hoc|iPhoneSimulator.ActiveCfg = Debug|Any CPU
		{B5C972E3-1E42-4335-B91B-66BF6789D9E7}.Ad-Hoc|iPhoneSimulator.Build.0 = Debug|Any CPU
		{B5C972E3-1E42-4335-B91B-66BF6789D9E7}.Ad-Hoc|x64.ActiveCfg = Debug|Any CPU
		{B5C972E3-1E42-4335-B91B-66BF6789D9E7}.Ad-Hoc|x64.Build.0 = Debug|Any CPU
		{B5C972E3-1E42-4335-B91B-66BF6789D9E7}.Ad-Hoc|x86.ActiveCfg = Debug|Any CPU
		{B5C972E3-1E42-4335-B91B-66BF6789D9E7}.Ad-Hoc|x86.Build.0 = Debug|Any CPU
		{B5C972E3-1E42-4335-B91B-66BF6789D9E7}.AppStore|Any CPU.ActiveCfg = Debug|Any CPU
		{B5C972E3-1E42-4335-B91B-66BF6789D9E7}.AppStore|Any CPU.Build.0 = Debug|Any CPU
		{B5C972E3-1E42-4335-B91B-66BF6789D9E7}.AppStore|ARM.ActiveCfg = Debug|Any CPU
		{B5C972E3-1E42-4335-B91B-66BF6789D9E7}.AppStore|ARM.Build.0 = Debug|Any CPU
		{B5C972E3-1E42-4335-B91B-66BF6789D9E7}.AppStore|iPhone.ActiveCfg = Debug|Any CPU
		{B5C972E3-1E42-4335-B91B-66BF6789D9E7}.AppStore|iPhone.Build.0 = Debug|Any CPU
		{B5C972E3-1E42-4335-B91B-66BF6789D9E7}.AppStore|iPhoneSimulator.ActiveCfg = Debug|Any CPU
		{B5C972E3-1E42-4335-B91B-66BF6789D9E7}.AppStore|iPhoneSimulator.Build.0 = Debug|Any CPU
		{B5C972E3-1E42-4335-B91B-66BF6789D9E7}.AppStore|x64.ActiveCfg = Debug|Any CPU
		{B5C972E3-1E42-4335-B91B-66BF6789D9E7}.AppStore|x64.Build.0 = Debug|Any CPU
		{B5C972E3-1E42-4335-B91B-66BF6789D9E7}.AppStore|x86.ActiveCfg = Debug|Any CPU
		{B5C972E3-1E42-4335-B91B-66BF6789D9E7}.AppStore|x86.Build.0 = Debug|Any CPU
		{B5C972E3-1E42-4335-B91B-66BF6789D9E7}.Debug|Any CPU.ActiveCfg = Debug|Any CPU
		{B5C972E3-1E42-4335-B91B-66BF6789D9E7}.Debug|Any CPU.Build.0 = Debug|Any CPU
		{B5C972E3-1E42-4335-B91B-66BF6789D9E7}.Debug|ARM.ActiveCfg = Debug|Any CPU
		{B5C972E3-1E42-4335-B91B-66BF6789D9E7}.Debug|ARM.Build.0 = Debug|Any CPU
		{B5C972E3-1E42-4335-B91B-66BF6789D9E7}.Debug|iPhone.ActiveCfg = Debug|Any CPU
		{B5C972E3-1E42-4335-B91B-66BF6789D9E7}.Debug|iPhone.Build.0 = Debug|Any CPU
		{B5C972E3-1E42-4335-B91B-66BF6789D9E7}.Debug|iPhoneSimulator.ActiveCfg = Debug|Any CPU
		{B5C972E3-1E42-4335-B91B-66BF6789D9E7}.Debug|iPhoneSimulator.Build.0 = Debug|Any CPU
		{B5C972E3-1E42-4335-B91B-66BF6789D9E7}.Debug|x64.ActiveCfg = Debug|Any CPU
		{B5C972E3-1E42-4335-B91B-66BF6789D9E7}.Debug|x64.Build.0 = Debug|Any CPU
		{B5C972E3-1E42-4335-B91B-66BF6789D9E7}.Debug|x86.ActiveCfg = Debug|Any CPU
		{B5C972E3-1E42-4335-B91B-66BF6789D9E7}.Debug|x86.Build.0 = Debug|Any CPU
		{B5C972E3-1E42-4335-B91B-66BF6789D9E7}.Release|Any CPU.ActiveCfg = Release|Any CPU
		{B5C972E3-1E42-4335-B91B-66BF6789D9E7}.Release|Any CPU.Build.0 = Release|Any CPU
		{B5C972E3-1E42-4335-B91B-66BF6789D9E7}.Release|ARM.ActiveCfg = Release|Any CPU
		{B5C972E3-1E42-4335-B91B-66BF6789D9E7}.Release|ARM.Build.0 = Release|Any CPU
		{B5C972E3-1E42-4335-B91B-66BF6789D9E7}.Release|iPhone.ActiveCfg = Release|Any CPU
		{B5C972E3-1E42-4335-B91B-66BF6789D9E7}.Release|iPhone.Build.0 = Release|Any CPU
		{B5C972E3-1E42-4335-B91B-66BF6789D9E7}.Release|iPhoneSimulator.ActiveCfg = Release|Any CPU
		{B5C972E3-1E42-4335-B91B-66BF6789D9E7}.Release|iPhoneSimulator.Build.0 = Release|Any CPU
		{B5C972E3-1E42-4335-B91B-66BF6789D9E7}.Release|x64.ActiveCfg = Release|Any CPU
		{B5C972E3-1E42-4335-B91B-66BF6789D9E7}.Release|x64.Build.0 = Release|Any CPU
		{B5C972E3-1E42-4335-B91B-66BF6789D9E7}.Release|x86.ActiveCfg = Release|Any CPU
		{B5C972E3-1E42-4335-B91B-66BF6789D9E7}.Release|x86.Build.0 = Release|Any CPU
		{93369993-0100-4AAE-8F17-7F8CB8FF9DDA}.Ad-Hoc|Any CPU.ActiveCfg = Release|Any CPU
		{93369993-0100-4AAE-8F17-7F8CB8FF9DDA}.Ad-Hoc|Any CPU.Build.0 = Release|Any CPU
		{93369993-0100-4AAE-8F17-7F8CB8FF9DDA}.Ad-Hoc|Any CPU.Deploy.0 = Release|Any CPU
		{93369993-0100-4AAE-8F17-7F8CB8FF9DDA}.Ad-Hoc|ARM.ActiveCfg = Release|Any CPU
		{93369993-0100-4AAE-8F17-7F8CB8FF9DDA}.Ad-Hoc|ARM.Build.0 = Release|Any CPU
		{93369993-0100-4AAE-8F17-7F8CB8FF9DDA}.Ad-Hoc|ARM.Deploy.0 = Release|Any CPU
		{93369993-0100-4AAE-8F17-7F8CB8FF9DDA}.Ad-Hoc|iPhone.ActiveCfg = Release|Any CPU
		{93369993-0100-4AAE-8F17-7F8CB8FF9DDA}.Ad-Hoc|iPhone.Build.0 = Release|Any CPU
		{93369993-0100-4AAE-8F17-7F8CB8FF9DDA}.Ad-Hoc|iPhone.Deploy.0 = Release|Any CPU
		{93369993-0100-4AAE-8F17-7F8CB8FF9DDA}.Ad-Hoc|iPhoneSimulator.ActiveCfg = Release|Any CPU
		{93369993-0100-4AAE-8F17-7F8CB8FF9DDA}.Ad-Hoc|iPhoneSimulator.Build.0 = Release|Any CPU
		{93369993-0100-4AAE-8F17-7F8CB8FF9DDA}.Ad-Hoc|iPhoneSimulator.Deploy.0 = Release|Any CPU
		{93369993-0100-4AAE-8F17-7F8CB8FF9DDA}.Ad-Hoc|x64.ActiveCfg = Release|Any CPU
		{93369993-0100-4AAE-8F17-7F8CB8FF9DDA}.Ad-Hoc|x64.Build.0 = Release|Any CPU
		{93369993-0100-4AAE-8F17-7F8CB8FF9DDA}.Ad-Hoc|x64.Deploy.0 = Release|Any CPU
		{93369993-0100-4AAE-8F17-7F8CB8FF9DDA}.Ad-Hoc|x86.ActiveCfg = Release|Any CPU
		{93369993-0100-4AAE-8F17-7F8CB8FF9DDA}.Ad-Hoc|x86.Build.0 = Release|Any CPU
		{93369993-0100-4AAE-8F17-7F8CB8FF9DDA}.Ad-Hoc|x86.Deploy.0 = Release|Any CPU
		{93369993-0100-4AAE-8F17-7F8CB8FF9DDA}.AppStore|Any CPU.ActiveCfg = Release|Any CPU
		{93369993-0100-4AAE-8F17-7F8CB8FF9DDA}.AppStore|Any CPU.Build.0 = Release|Any CPU
		{93369993-0100-4AAE-8F17-7F8CB8FF9DDA}.AppStore|Any CPU.Deploy.0 = Release|Any CPU
		{93369993-0100-4AAE-8F17-7F8CB8FF9DDA}.AppStore|ARM.ActiveCfg = Release|Any CPU
		{93369993-0100-4AAE-8F17-7F8CB8FF9DDA}.AppStore|ARM.Build.0 = Release|Any CPU
		{93369993-0100-4AAE-8F17-7F8CB8FF9DDA}.AppStore|ARM.Deploy.0 = Release|Any CPU
		{93369993-0100-4AAE-8F17-7F8CB8FF9DDA}.AppStore|iPhone.ActiveCfg = Release|Any CPU
		{93369993-0100-4AAE-8F17-7F8CB8FF9DDA}.AppStore|iPhone.Build.0 = Release|Any CPU
		{93369993-0100-4AAE-8F17-7F8CB8FF9DDA}.AppStore|iPhone.Deploy.0 = Release|Any CPU
		{93369993-0100-4AAE-8F17-7F8CB8FF9DDA}.AppStore|iPhoneSimulator.ActiveCfg = Release|Any CPU
		{93369993-0100-4AAE-8F17-7F8CB8FF9DDA}.AppStore|iPhoneSimulator.Build.0 = Release|Any CPU
		{93369993-0100-4AAE-8F17-7F8CB8FF9DDA}.AppStore|iPhoneSimulator.Deploy.0 = Release|Any CPU
		{93369993-0100-4AAE-8F17-7F8CB8FF9DDA}.AppStore|x64.ActiveCfg = Release|Any CPU
		{93369993-0100-4AAE-8F17-7F8CB8FF9DDA}.AppStore|x64.Build.0 = Release|Any CPU
		{93369993-0100-4AAE-8F17-7F8CB8FF9DDA}.AppStore|x64.Deploy.0 = Release|Any CPU
		{93369993-0100-4AAE-8F17-7F8CB8FF9DDA}.AppStore|x86.ActiveCfg = Release|Any CPU
		{93369993-0100-4AAE-8F17-7F8CB8FF9DDA}.AppStore|x86.Build.0 = Release|Any CPU
		{93369993-0100-4AAE-8F17-7F8CB8FF9DDA}.AppStore|x86.Deploy.0 = Release|Any CPU
		{93369993-0100-4AAE-8F17-7F8CB8FF9DDA}.Debug|Any CPU.ActiveCfg = Debug|Any CPU
		{93369993-0100-4AAE-8F17-7F8CB8FF9DDA}.Debug|Any CPU.Build.0 = Debug|Any CPU
		{93369993-0100-4AAE-8F17-7F8CB8FF9DDA}.Debug|Any CPU.Deploy.0 = Debug|Any CPU
		{93369993-0100-4AAE-8F17-7F8CB8FF9DDA}.Debug|ARM.ActiveCfg = Debug|Any CPU
		{93369993-0100-4AAE-8F17-7F8CB8FF9DDA}.Debug|ARM.Build.0 = Debug|Any CPU
		{93369993-0100-4AAE-8F17-7F8CB8FF9DDA}.Debug|ARM.Deploy.0 = Debug|Any CPU
		{93369993-0100-4AAE-8F17-7F8CB8FF9DDA}.Debug|iPhone.ActiveCfg = Debug|Any CPU
		{93369993-0100-4AAE-8F17-7F8CB8FF9DDA}.Debug|iPhone.Build.0 = Debug|Any CPU
		{93369993-0100-4AAE-8F17-7F8CB8FF9DDA}.Debug|iPhone.Deploy.0 = Debug|Any CPU
		{93369993-0100-4AAE-8F17-7F8CB8FF9DDA}.Debug|iPhoneSimulator.ActiveCfg = Debug|Any CPU
		{93369993-0100-4AAE-8F17-7F8CB8FF9DDA}.Debug|iPhoneSimulator.Build.0 = Debug|Any CPU
		{93369993-0100-4AAE-8F17-7F8CB8FF9DDA}.Debug|iPhoneSimulator.Deploy.0 = Debug|Any CPU
		{93369993-0100-4AAE-8F17-7F8CB8FF9DDA}.Debug|x64.ActiveCfg = Debug|Any CPU
		{93369993-0100-4AAE-8F17-7F8CB8FF9DDA}.Debug|x64.Build.0 = Debug|Any CPU
		{93369993-0100-4AAE-8F17-7F8CB8FF9DDA}.Debug|x64.Deploy.0 = Debug|Any CPU
		{93369993-0100-4AAE-8F17-7F8CB8FF9DDA}.Debug|x86.ActiveCfg = Debug|Any CPU
		{93369993-0100-4AAE-8F17-7F8CB8FF9DDA}.Debug|x86.Build.0 = Debug|Any CPU
		{93369993-0100-4AAE-8F17-7F8CB8FF9DDA}.Debug|x86.Deploy.0 = Debug|Any CPU
		{93369993-0100-4AAE-8F17-7F8CB8FF9DDA}.Release|Any CPU.ActiveCfg = Release|Any CPU
		{93369993-0100-4AAE-8F17-7F8CB8FF9DDA}.Release|Any CPU.Build.0 = Release|Any CPU
		{93369993-0100-4AAE-8F17-7F8CB8FF9DDA}.Release|Any CPU.Deploy.0 = Release|Any CPU
		{93369993-0100-4AAE-8F17-7F8CB8FF9DDA}.Release|ARM.ActiveCfg = Release|Any CPU
		{93369993-0100-4AAE-8F17-7F8CB8FF9DDA}.Release|ARM.Build.0 = Release|Any CPU
		{93369993-0100-4AAE-8F17-7F8CB8FF9DDA}.Release|ARM.Deploy.0 = Release|Any CPU
		{93369993-0100-4AAE-8F17-7F8CB8FF9DDA}.Release|iPhone.ActiveCfg = Release|Any CPU
		{93369993-0100-4AAE-8F17-7F8CB8FF9DDA}.Release|iPhone.Build.0 = Release|Any CPU
		{93369993-0100-4AAE-8F17-7F8CB8FF9DDA}.Release|iPhone.Deploy.0 = Release|Any CPU
		{93369993-0100-4AAE-8F17-7F8CB8FF9DDA}.Release|iPhoneSimulator.ActiveCfg = Release|Any CPU
		{93369993-0100-4AAE-8F17-7F8CB8FF9DDA}.Release|iPhoneSimulator.Build.0 = Release|Any CPU
		{93369993-0100-4AAE-8F17-7F8CB8FF9DDA}.Release|iPhoneSimulator.Deploy.0 = Release|Any CPU
		{93369993-0100-4AAE-8F17-7F8CB8FF9DDA}.Release|x64.ActiveCfg = Release|Any CPU
		{93369993-0100-4AAE-8F17-7F8CB8FF9DDA}.Release|x64.Build.0 = Release|Any CPU
		{93369993-0100-4AAE-8F17-7F8CB8FF9DDA}.Release|x64.Deploy.0 = Release|Any CPU
		{93369993-0100-4AAE-8F17-7F8CB8FF9DDA}.Release|x86.ActiveCfg = Release|Any CPU
		{93369993-0100-4AAE-8F17-7F8CB8FF9DDA}.Release|x86.Build.0 = Release|Any CPU
		{93369993-0100-4AAE-8F17-7F8CB8FF9DDA}.Release|x86.Deploy.0 = Release|Any CPU
		{BDA973D2-8CD9-4C03-AFE7-64BD14F239D5}.Ad-Hoc|Any CPU.ActiveCfg = Ad-Hoc|iPhone
		{BDA973D2-8CD9-4C03-AFE7-64BD14F239D5}.Ad-Hoc|ARM.ActiveCfg = Ad-Hoc|iPhone
		{BDA973D2-8CD9-4C03-AFE7-64BD14F239D5}.Ad-Hoc|iPhone.ActiveCfg = Ad-Hoc|iPhone
		{BDA973D2-8CD9-4C03-AFE7-64BD14F239D5}.Ad-Hoc|iPhone.Build.0 = Ad-Hoc|iPhone
		{BDA973D2-8CD9-4C03-AFE7-64BD14F239D5}.Ad-Hoc|iPhoneSimulator.ActiveCfg = Ad-Hoc|iPhoneSimulator
		{BDA973D2-8CD9-4C03-AFE7-64BD14F239D5}.Ad-Hoc|iPhoneSimulator.Build.0 = Ad-Hoc|iPhoneSimulator
		{BDA973D2-8CD9-4C03-AFE7-64BD14F239D5}.Ad-Hoc|x64.ActiveCfg = Ad-Hoc|iPhone
		{BDA973D2-8CD9-4C03-AFE7-64BD14F239D5}.Ad-Hoc|x86.ActiveCfg = Ad-Hoc|iPhone
		{BDA973D2-8CD9-4C03-AFE7-64BD14F239D5}.AppStore|Any CPU.ActiveCfg = AppStore|iPhone
		{BDA973D2-8CD9-4C03-AFE7-64BD14F239D5}.AppStore|ARM.ActiveCfg = AppStore|iPhone
		{BDA973D2-8CD9-4C03-AFE7-64BD14F239D5}.AppStore|iPhone.ActiveCfg = AppStore|iPhone
		{BDA973D2-8CD9-4C03-AFE7-64BD14F239D5}.AppStore|iPhone.Build.0 = AppStore|iPhone
		{BDA973D2-8CD9-4C03-AFE7-64BD14F239D5}.AppStore|iPhoneSimulator.ActiveCfg = AppStore|iPhoneSimulator
		{BDA973D2-8CD9-4C03-AFE7-64BD14F239D5}.AppStore|iPhoneSimulator.Build.0 = AppStore|iPhoneSimulator
		{BDA973D2-8CD9-4C03-AFE7-64BD14F239D5}.AppStore|x64.ActiveCfg = AppStore|iPhone
		{BDA973D2-8CD9-4C03-AFE7-64BD14F239D5}.AppStore|x86.ActiveCfg = AppStore|iPhone
		{BDA973D2-8CD9-4C03-AFE7-64BD14F239D5}.Debug|Any CPU.ActiveCfg = Debug|iPhone
		{BDA973D2-8CD9-4C03-AFE7-64BD14F239D5}.Debug|ARM.ActiveCfg = Debug|iPhone
		{BDA973D2-8CD9-4C03-AFE7-64BD14F239D5}.Debug|iPhone.ActiveCfg = Debug|iPhone
		{BDA973D2-8CD9-4C03-AFE7-64BD14F239D5}.Debug|iPhone.Build.0 = Debug|iPhone
		{BDA973D2-8CD9-4C03-AFE7-64BD14F239D5}.Debug|iPhoneSimulator.ActiveCfg = Debug|iPhoneSimulator
		{BDA973D2-8CD9-4C03-AFE7-64BD14F239D5}.Debug|iPhoneSimulator.Build.0 = Debug|iPhoneSimulator
		{BDA973D2-8CD9-4C03-AFE7-64BD14F239D5}.Debug|x64.ActiveCfg = Debug|iPhone
		{BDA973D2-8CD9-4C03-AFE7-64BD14F239D5}.Debug|x86.ActiveCfg = Debug|iPhone
		{BDA973D2-8CD9-4C03-AFE7-64BD14F239D5}.Release|Any CPU.ActiveCfg = Release|iPhone
		{BDA973D2-8CD9-4C03-AFE7-64BD14F239D5}.Release|ARM.ActiveCfg = Release|iPhone
		{BDA973D2-8CD9-4C03-AFE7-64BD14F239D5}.Release|iPhone.ActiveCfg = Release|iPhone
		{BDA973D2-8CD9-4C03-AFE7-64BD14F239D5}.Release|iPhone.Build.0 = Release|iPhone
		{BDA973D2-8CD9-4C03-AFE7-64BD14F239D5}.Release|iPhoneSimulator.ActiveCfg = Release|iPhoneSimulator
		{BDA973D2-8CD9-4C03-AFE7-64BD14F239D5}.Release|iPhoneSimulator.Build.0 = Release|iPhoneSimulator
		{BDA973D2-8CD9-4C03-AFE7-64BD14F239D5}.Release|x64.ActiveCfg = Release|iPhone
		{BDA973D2-8CD9-4C03-AFE7-64BD14F239D5}.Release|x86.ActiveCfg = Release|iPhone
		{A3E55E1A-0876-4F84-B2EC-C28597BB7166}.Ad-Hoc|Any CPU.ActiveCfg = Release|x86
		{A3E55E1A-0876-4F84-B2EC-C28597BB7166}.Ad-Hoc|Any CPU.Build.0 = Release|x86
		{A3E55E1A-0876-4F84-B2EC-C28597BB7166}.Ad-Hoc|Any CPU.Deploy.0 = Release|x86
		{A3E55E1A-0876-4F84-B2EC-C28597BB7166}.Ad-Hoc|ARM.ActiveCfg = Release|ARM
		{A3E55E1A-0876-4F84-B2EC-C28597BB7166}.Ad-Hoc|ARM.Build.0 = Release|ARM
		{A3E55E1A-0876-4F84-B2EC-C28597BB7166}.Ad-Hoc|ARM.Deploy.0 = Release|ARM
		{A3E55E1A-0876-4F84-B2EC-C28597BB7166}.Ad-Hoc|iPhone.ActiveCfg = Release|x86
		{A3E55E1A-0876-4F84-B2EC-C28597BB7166}.Ad-Hoc|iPhone.Build.0 = Release|x86
		{A3E55E1A-0876-4F84-B2EC-C28597BB7166}.Ad-Hoc|iPhone.Deploy.0 = Release|x86
		{A3E55E1A-0876-4F84-B2EC-C28597BB7166}.Ad-Hoc|iPhoneSimulator.ActiveCfg = Release|x86
		{A3E55E1A-0876-4F84-B2EC-C28597BB7166}.Ad-Hoc|iPhoneSimulator.Build.0 = Release|x86
		{A3E55E1A-0876-4F84-B2EC-C28597BB7166}.Ad-Hoc|iPhoneSimulator.Deploy.0 = Release|x86
		{A3E55E1A-0876-4F84-B2EC-C28597BB7166}.Ad-Hoc|x64.ActiveCfg = Release|x64
		{A3E55E1A-0876-4F84-B2EC-C28597BB7166}.Ad-Hoc|x64.Build.0 = Release|x64
		{A3E55E1A-0876-4F84-B2EC-C28597BB7166}.Ad-Hoc|x64.Deploy.0 = Release|x64
		{A3E55E1A-0876-4F84-B2EC-C28597BB7166}.Ad-Hoc|x86.ActiveCfg = Release|x86
		{A3E55E1A-0876-4F84-B2EC-C28597BB7166}.Ad-Hoc|x86.Build.0 = Release|x86
		{A3E55E1A-0876-4F84-B2EC-C28597BB7166}.Ad-Hoc|x86.Deploy.0 = Release|x86
		{A3E55E1A-0876-4F84-B2EC-C28597BB7166}.AppStore|Any CPU.ActiveCfg = Release|x86
		{A3E55E1A-0876-4F84-B2EC-C28597BB7166}.AppStore|Any CPU.Build.0 = Release|x86
		{A3E55E1A-0876-4F84-B2EC-C28597BB7166}.AppStore|Any CPU.Deploy.0 = Release|x86
		{A3E55E1A-0876-4F84-B2EC-C28597BB7166}.AppStore|ARM.ActiveCfg = Release|ARM
		{A3E55E1A-0876-4F84-B2EC-C28597BB7166}.AppStore|ARM.Build.0 = Release|ARM
		{A3E55E1A-0876-4F84-B2EC-C28597BB7166}.AppStore|ARM.Deploy.0 = Release|ARM
		{A3E55E1A-0876-4F84-B2EC-C28597BB7166}.AppStore|iPhone.ActiveCfg = Release|x86
		{A3E55E1A-0876-4F84-B2EC-C28597BB7166}.AppStore|iPhone.Build.0 = Release|x86
		{A3E55E1A-0876-4F84-B2EC-C28597BB7166}.AppStore|iPhone.Deploy.0 = Release|x86
		{A3E55E1A-0876-4F84-B2EC-C28597BB7166}.AppStore|iPhoneSimulator.ActiveCfg = Release|x86
		{A3E55E1A-0876-4F84-B2EC-C28597BB7166}.AppStore|iPhoneSimulator.Build.0 = Release|x86
		{A3E55E1A-0876-4F84-B2EC-C28597BB7166}.AppStore|iPhoneSimulator.Deploy.0 = Release|x86
		{A3E55E1A-0876-4F84-B2EC-C28597BB7166}.AppStore|x64.ActiveCfg = Release|x64
		{A3E55E1A-0876-4F84-B2EC-C28597BB7166}.AppStore|x64.Build.0 = Release|x64
		{A3E55E1A-0876-4F84-B2EC-C28597BB7166}.AppStore|x64.Deploy.0 = Release|x64
		{A3E55E1A-0876-4F84-B2EC-C28597BB7166}.AppStore|x86.ActiveCfg = Release|x86
		{A3E55E1A-0876-4F84-B2EC-C28597BB7166}.AppStore|x86.Build.0 = Release|x86
		{A3E55E1A-0876-4F84-B2EC-C28597BB7166}.AppStore|x86.Deploy.0 = Release|x86
		{A3E55E1A-0876-4F84-B2EC-C28597BB7166}.Debug|Any CPU.ActiveCfg = Debug|x86
		{A3E55E1A-0876-4F84-B2EC-C28597BB7166}.Debug|ARM.ActiveCfg = Debug|ARM
		{A3E55E1A-0876-4F84-B2EC-C28597BB7166}.Debug|ARM.Build.0 = Debug|ARM
		{A3E55E1A-0876-4F84-B2EC-C28597BB7166}.Debug|ARM.Deploy.0 = Debug|ARM
		{A3E55E1A-0876-4F84-B2EC-C28597BB7166}.Debug|iPhone.ActiveCfg = Debug|x86
		{A3E55E1A-0876-4F84-B2EC-C28597BB7166}.Debug|iPhoneSimulator.ActiveCfg = Debug|x86
		{A3E55E1A-0876-4F84-B2EC-C28597BB7166}.Debug|x64.ActiveCfg = Debug|x64
		{A3E55E1A-0876-4F84-B2EC-C28597BB7166}.Debug|x64.Build.0 = Debug|x64
		{A3E55E1A-0876-4F84-B2EC-C28597BB7166}.Debug|x64.Deploy.0 = Debug|x64
		{A3E55E1A-0876-4F84-B2EC-C28597BB7166}.Debug|x86.ActiveCfg = Debug|x86
		{A3E55E1A-0876-4F84-B2EC-C28597BB7166}.Debug|x86.Build.0 = Debug|x86
		{A3E55E1A-0876-4F84-B2EC-C28597BB7166}.Debug|x86.Deploy.0 = Debug|x86
		{A3E55E1A-0876-4F84-B2EC-C28597BB7166}.Release|Any CPU.ActiveCfg = Release|x86
		{A3E55E1A-0876-4F84-B2EC-C28597BB7166}.Release|ARM.ActiveCfg = Release|ARM
		{A3E55E1A-0876-4F84-B2EC-C28597BB7166}.Release|ARM.Build.0 = Release|ARM
		{A3E55E1A-0876-4F84-B2EC-C28597BB7166}.Release|ARM.Deploy.0 = Release|ARM
		{A3E55E1A-0876-4F84-B2EC-C28597BB7166}.Release|iPhone.ActiveCfg = Release|x86
		{A3E55E1A-0876-4F84-B2EC-C28597BB7166}.Release|iPhoneSimulator.ActiveCfg = Release|x86
		{A3E55E1A-0876-4F84-B2EC-C28597BB7166}.Release|x64.ActiveCfg = Release|x64
		{A3E55E1A-0876-4F84-B2EC-C28597BB7166}.Release|x64.Build.0 = Release|x64
		{A3E55E1A-0876-4F84-B2EC-C28597BB7166}.Release|x64.Deploy.0 = Release|x64
		{A3E55E1A-0876-4F84-B2EC-C28597BB7166}.Release|x86.ActiveCfg = Release|x86
		{A3E55E1A-0876-4F84-B2EC-C28597BB7166}.Release|x86.Build.0 = Release|x86
		{A3E55E1A-0876-4F84-B2EC-C28597BB7166}.Release|x86.Deploy.0 = Release|x86
	EndGlobalSection
	GlobalSection(SolutionProperties) = preSolution
		HideSolutionNode = FALSE
	EndGlobalSection
	GlobalSection(ExtensibilityGlobals) = postSolution
		SolutionGuid = {1090F97D-B768-426B-A728-C6C0CE37F12D}
	EndGlobalSection
EndGlobal
